
Microsoft Visual Studio Solution File, Format Version 12.00
# Visual Studio 14
VisualStudioVersion = 14.0.24720.0
MinimumVisualStudioVersion = 10.0.40219.1
Project("{FAE04EC0-301F-11D3-BF4B-00C04F79EFBC}") = "Delete", "Delete\Delete.csproj", "{FFB01C21-E34C-4C85-BB72-626F4C9186A3}"
EndProject
Global
	GlobalSection(SolutionConfigurationPlatforms) = preSolution
		Debug|Any CPU = Debug|Any CPU
		Release|Any CPU = Release|Any CPU
	EndGlobalSection
	GlobalSection(ProjectConfigurationPlatforms) = postSolution
		{FFB01C21-E34C-4C85-BB72-626F4C9186A3}.Debug|Any CPU.ActiveCfg = Debug|Any CPU
		{FFB01C21-E34C-4C85-BB72-626F4C9186A3}.Debug|Any CPU.Build.0 = Debug|Any CPU
		{FFB01C21-E34C-4C85-BB72-626F4C9186A3}.Release|Any CPU.ActiveCfg = Release|Any CPU
		{FFB01C21-E34C-4C85-BB72-626F4C9186A3}.Release|Any CPU.Build.0 = Release|Any CPU
	EndGlobalSection
	GlobalSection(SolutionProperties) = preSolution
		HideSolutionNode = FALSE
	EndGlobalSection
EndGlobal
